
Microsoft Visual Studio Solution File, Format Version 12.00
# Visual Studio 15
VisualStudioVersion = 15.0.27703.2000
MinimumVisualStudioVersion = 10.0.40219.1
Project("{FAE04EC0-301F-11D3-BF4B-00C04F79EFBC}") = "quiz-backend", "quiz-backend\quiz-backend.csproj", "{5690755D-DF29-4596-853D-41698BC2FCC1}"
EndProject
Global
	GlobalSection(SolutionConfigurationPlatforms) = preSolution
		Debug|Any CPU = Debug|Any CPU
		Release|Any CPU = Release|Any CPU
	EndGlobalSection
	GlobalSection(ProjectConfigurationPlatforms) = postSolution
		{5690755D-DF29-4596-853D-41698BC2FCC1}.Debug|Any CPU.ActiveCfg = Debug|Any CPU
		{5690755D-DF29-4596-853D-41698BC2FCC1}.Debug|Any CPU.Build.0 = Debug|Any CPU
		{5690755D-DF29-4596-853D-41698BC2FCC1}.Release|Any CPU.ActiveCfg = Release|Any CPU
		{5690755D-DF29-4596-853D-41698BC2FCC1}.Release|Any CPU.Build.0 = Release|Any CPU
	EndGlobalSection
	GlobalSection(SolutionProperties) = preSolution
		HideSolutionNode = FALSE
	EndGlobalSection
	GlobalSection(ExtensibilityGlobals) = postSolution
		SolutionGuid = {15598D8C-BCD5-4ACD-9428-41142F3D20E7}
	EndGlobalSection
EndGlobal
